
Microsoft Visual Studio Solution File, Format Version 12.00
# Visual Studio Version 17
VisualStudioVersion = 17.9.34728.123
MinimumVisualStudioVersion = 10.0.40219.1
Project("{8BC9CEB8-8B4A-11D0-8D11-00A0C91BC942}") = "Novice_c", "Novice_c\Novice_c.vcxproj", "{CD0DE306-E00B-44CB-9146-D2714D976E3B}"
EndProject
Global
	GlobalSection(SolutionConfigurationPlatforms) = preSolution
		Debug|x64 = Debug|x64
		Release|x64 = Release|x64
	EndGlobalSection
	GlobalSection(ProjectConfigurationPlatforms) = postSolution
		{CD0DE306-E00B-44CB-9146-D2714D976E3B}.Debug|x64.ActiveCfg = Debug|x64
		{CD0DE306-E00B-44CB-9146-D2714D976E3B}.Debug|x64.Build.0 = Debug|x64
		{CD0DE306-E00B-44CB-9146-D2714D976E3B}.Release|x64.ActiveCfg = Release|x64
		{CD0DE306-E00B-44CB-9146-D2714D976E3B}.Release|x64.Build.0 = Release|x64
	EndGlobalSection
	GlobalSection(SolutionProperties) = preSolution
		HideSolutionNode = FALSE
	EndGlobalSection
	GlobalSection(ExtensibilityGlobals) = postSolution
		SolutionGuid = {C31D6717-A77B-4C8B-96AE-9CFF6C90336B}
	EndGlobalSection
EndGlobal
